
Microsoft Visual Studio Solution File, Format Version 12.00
# Visual Studio Version 17
VisualStudioVersion = 17.8.34330.188
MinimumVisualStudioVersion = 10.0.40219.1
Project("{FAE04EC0-301F-11D3-BF4B-00C04F79EFBC}") = "api.optativov.persona", "api.optativov.persona\api.optativov.persona.csproj", "{C1444040-9D1E-4B5A-AF4B-5BA5EA57AD3D}"
EndProject
Project("{FAE04EC0-301F-11D3-BF4B-00C04F79EFBC}") = "Repository", "Repository\Repository.csproj", "{7A45DB8D-FED3-4B8F-8D6D-E1571F7ABD67}"
EndProject
Project("{FAE04EC0-301F-11D3-BF4B-00C04F79EFBC}") = "Services", "Services\Services.csproj", "{78833780-0EC5-4A5B-84F8-FC98D8F8B21C}"
EndProject
Global
	GlobalSection(SolutionConfigurationPlatforms) = preSolution
		Debug|Any CPU = Debug|Any CPU
		Release|Any CPU = Release|Any CPU
	EndGlobalSection
	GlobalSection(ProjectConfigurationPlatforms) = postSolution
		{C1444040-9D1E-4B5A-AF4B-5BA5EA57AD3D}.Debug|Any CPU.ActiveCfg = Debug|Any CPU
		{C1444040-9D1E-4B5A-AF4B-5BA5EA57AD3D}.Debug|Any CPU.Build.0 = Debug|Any CPU
		{C1444040-9D1E-4B5A-AF4B-5BA5EA57AD3D}.Release|Any CPU.ActiveCfg = Release|Any CPU
		{C1444040-9D1E-4B5A-AF4B-5BA5EA57AD3D}.Release|Any CPU.Build.0 = Release|Any CPU
		{7A45DB8D-FED3-4B8F-8D6D-E1571F7ABD67}.Debug|Any CPU.ActiveCfg = Debug|Any CPU
		{7A45DB8D-FED3-4B8F-8D6D-E1571F7ABD67}.Debug|Any CPU.Build.0 = Debug|Any CPU
		{7A45DB8D-FED3-4B8F-8D6D-E1571F7ABD67}.Release|Any CPU.ActiveCfg = Release|Any CPU
		{7A45DB8D-FED3-4B8F-8D6D-E1571F7ABD67}.Release|Any CPU.Build.0 = Release|Any CPU
		{78833780-0EC5-4A5B-84F8-FC98D8F8B21C}.Debug|Any CPU.ActiveCfg = Debug|Any CPU
		{78833780-0EC5-4A5B-84F8-FC98D8F8B21C}.Debug|Any CPU.Build.0 = Debug|Any CPU
		{78833780-0EC5-4A5B-84F8-FC98D8F8B21C}.Release|Any CPU.ActiveCfg = Release|Any CPU
		{78833780-0EC5-4A5B-84F8-FC98D8F8B21C}.Release|Any CPU.Build.0 = Release|Any CPU
	EndGlobalSection
	GlobalSection(SolutionProperties) = preSolution
		HideSolutionNode = FALSE
	EndGlobalSection
	GlobalSection(ExtensibilityGlobals) = postSolution
		SolutionGuid = {F63100B8-A0B0-4035-9658-C04B2423D964}
	EndGlobalSection
EndGlobal
